// !$*UTF8*$!
{
	archiveVersion = 1;
	classes = {
	};
	objectVersion = 50;
	objects = {

/* Begin PBXBuildFile section */
		C7829B22215AB1CC00BDCD48 /* AppDelegate.swift in Sources */ = {isa = PBXBuildFile; fileRef = C7829B21215AB1CC00BDCD48 /* AppDelegate.swift */; };
		C7829B24215AB1CC00BDCD48 /* ViewController.swift in Sources */ = {isa = PBXBuildFile; fileRef = C7829B23215AB1CC00BDCD48 /* ViewController.swift */; };
		C7829B27215AB1CC00BDCD48 /* Main.storyboard in Resources */ = {isa = PBXBuildFile; fileRef = C7829B25215AB1CC00BDCD48 /* Main.storyboard */; };
		C7829B29215AB1CC00BDCD48 /* Assets.xcassets in Resources */ = {isa = PBXBuildFile; fileRef = C7829B28215AB1CC00BDCD48 /* Assets.xcassets */; };
		C7829B2C215AB1CC00BDCD48 /* LaunchScreen.storyboard in Resources */ = {isa = PBXBuildFile; fileRef = C7829B2A215AB1CC00BDCD48 /* LaunchScreen.storyboard */; };
/* End PBXBuildFile section */

/* Begin PBXFileReference section */
		C7829B1E215AB1CC00BDCD48 /* slideoutMenu.app */ = {isa = PBXFileReference; explicitFileType = wrapper.application; includeInIndex = 0; path = slideoutMenu.app; sourceTree = BUILT_PRODUCTS_DIR; };
		C7829B21215AB1CC00BDCD48 /* AppDelegate.swift */ = {isa = PBXFileReference; lastKnownFileType = sourcecode.swift; path = AppDelegate.swift; sourceTree = "<group>"; };
		C7829B23215AB1CC00BDCD48 /* ViewController.swift */ = {isa = PBXFileReference; lastKnownFileType = sourcecode.swift; path = ViewController.swift; sourceTree = "<group>"; };
		C7829B26215AB1CC00BDCD48 /* Base */ = {isa = PBXFileReference; lastKnownFileType = file.storyboard; name = Base; path = Base.lproj/Main.storyboard; sourceTree = "<group>"; };
		C7829B28215AB1CC00BDCD48 /* Assets.xcassets */ = {isa = PBXFileReference; lastKnownFileType = folder.assetcatalog; path = Assets.xcassets; sourceTree = "<group>"; };
		C7829B2B215AB1CC00BDCD48 /* Base */ = {isa = PBXFileReference; lastKnownFileType = file.storyboard; name = Base; path = Base.lproj/LaunchScreen.storyboard; sourceTree = "<group>"; };
		C7829B2D215AB1CC00BDCD48 /* Info.plist */ = {isa = PBXFileReference; lastKnownFileType = text.plist.xml; path = Info.plist; sourceTree = "<group>"; };
/* End PBXFileReference section */

/* Begin PBXFrameworksBuildPhase section */
		C7829B1B215AB1CC00BDCD48 /* Frameworks */ = {
			isa = PBXFrameworksBuildPhase;
			buildActionMask = 2147483647;
			files = (
			);
			runOnlyForDeploymentPostprocessing = 0;
		};
/* End PBXFrameworksBuildPhase section */

/* Begin PBXGroup section */
		C7829B15215AB1CC00BDCD48 = {
			isa = PBXGroup;
			children = (
				C7829B20215AB1CC00BDCD48 /* slideoutMenu */,
				C7829B1F215AB1CC00BDCD48 /* Products */,
			);
			sourceTree = "<group>";
		};
		C7829B1F215AB1CC00BDCD48 /* Products */ = {
			isa = PBXGroup;
			children = (
				C7829B1E215AB1CC00BDCD48 /* slideoutMenu.app */,
			);
			name = Products;
			sourceTree = "<group>";
		};
		C7829B20215AB1CC00BDCD48 /* slideoutMenu */ = {
			isa = PBXGroup;
			children = (
				C7829B21215AB1CC00BDCD48 /* AppDelegate.swift */,
				C7829B23215AB1CC00BDCD48 /* ViewController.swift */,
				C7829B25215AB1CC00BDCD48 /* Main.storyboard */,
				C7829B28215AB1CC00BDCD48 /* Assets.xcassets */,
				C7829B2A215AB1CC00BDCD48 /* LaunchScreen.storyboard */,
				C7829B2D215AB1CC00BDCD48 /* Info.plist */,
			);
			path = slideoutMenu;
			sourceTree = "<group>";
		};
/* End PBXGroup section */

/* Begin PBXNativeTarget section */
		C7829B1D215AB1CC00BDCD48 /* slideoutMenu */ = {
			isa = PBXNativeTarget;
			buildConfigurationList = C7829B30215AB1CC00BDCD48 /* Build configuration list for PBXNativeTarget "slideoutMenu" */;
			buildPhases = (
				C7829B1A215AB1CC00BDCD48 /* Sources */,
				C7829B1B215AB1CC00BDCD48 /* Frameworks */,
				C7829B1C215AB1CC00BDCD48 /* Resources */,
			);
			buildRules = (
			);
			dependencies = (
			);
			name = slideoutMenu;
			productName = SlideOutMenuLBTA;
			productReference = C7829B1E215AB1CC00BDCD48 /* slideoutMenu.app */;
			productType = "com.apple.product-type.application";
		};
/* End PBXNativeTarget section */

/* Begin PBXProject section */
		C7829B16215AB1CC00BDCD48 /* Project object */ = {
			isa = PBXProject;
			attributes = {
				LastSwiftUpdateCheck = 1000;
				LastUpgradeCheck = 1200;
				ORGANIZATIONNAME = "Brian Fajardo";
				TargetAttributes = {
					C7829B1D215AB1CC00BDCD48 = {
						CreatedOnToolsVersion = 10.0;
						LastSwiftMigration = 1200;
					};
				};
			};
			buildConfigurationList = C7829B19215AB1CC00BDCD48 /* Build configuration list for PBXProject "slideoutMenu" */;
			compatibilityVersion = "Xcode 9.3";
			developmentRegion = en;
			hasScannedForEncodings = 0;
			knownRegions = (
				en,
				Base,
			);
			mainGroup = C7829B15215AB1CC00BDCD48;
			productRefGroup = C7829B1F215AB1CC00BDCD48 /* Products */;
			projectDirPath = "";
			projectRoot = "";
			targets = (
				C7829B1D215AB1CC00BDCD48 /* slideoutMenu */,
			);
		};
/* End PBXProject section */

/* Begin PBXResourcesBuildPhase section */
		C7829B1C215AB1CC00BDCD48 /* Resources */ = {
			isa = PBXResourcesBuildPhase;
			buildActionMask = 2147483647;
			files = (
				C7829B2C215AB1CC00BDCD48 /* LaunchScreen.storyboard in Resources */,
				C7829B29215AB1CC00BDCD48 /* Assets.xcassets in Resources */,
				C7829B27215AB1CC00BDCD48 /* Main.storyboard in Resources */,
			);
			runOnlyForDeploymentPostprocessing = 0;
		};
/* End PBXResourcesBuildPhase section */

/* Begin PBXSourcesBuildPhase section */
		C7829B1A215AB1CC00BDCD48 /* Sources */ = {
			isa = PBXSourcesBuildPhase;
			buildActionMask = 2147483647;
			files = (
				C7829B24215AB1CC00BDCD48 /* ViewController.swift in Sources */,
				C7829B22215AB1CC00BDCD48 /* AppDelegate.swift in Sources */,
			);
			runOnlyForDeploymentPostprocessing = 0;
		};
/* End PBXSourcesBuildPhase section */

/* Begin PBXVariantGroup section */
		C7829B25215AB1CC00BDCD48 /* Main.storyboard */ = {
			isa = PBXVariantGroup;
			children = (
				C7829B26215AB1CC00BDCD48 /* Base */,
			);
			name = Main.storyboard;
			sourceTree = "<group>";
		};
		C7829B2A215AB1CC00BDCD48 /* LaunchScreen.storyboard */ = {
			isa = PBXVariantGroup;
			children = (
				C7829B2B215AB1CC00BDCD48 /* Base */,
			);
			name = LaunchScreen.storyboard;
			sourceTree = "<group>";
		};
/* End PBXVariantGroup section */

/* Begin XCBuildConfiguration section */
		C7829B2E215AB1CC00BDCD48 /* Debug */ = {
			isa = XCBuildConfiguration;
			buildSettings = {
				ALWAYS_SEARCH_USER_PATHS = NO;
				CLANG_ANALYZER_NONNULL = YES;
				CLANG_ANALYZER_NUMBER_OBJECT_CONVERSION = YES_AGGRESSIVE;
				CLANG_CXX_LANGUAGE_STANDARD = "gnu++14";
				CLANG_CXX_LIBRARY = "libc++";
				CLANG_ENABLE_MODULES = YES;
				CLANG_ENABLE_OBJC_ARC = YES;
				CLANG_ENABLE_OBJC_WEAK = YES;
				CLANG_WARN_BLOCK_CAPTURE_AUTORELEASING = YES;
				CLANG_WARN_BOOL_CONVERSION = YES;
				CLANG_WARN_COMMA = YES;
				CLANG_WARN_CONSTANT_CONVERSION = YES;
				CLANG_WARN_DEPRECATED_OBJC_IMPLEMENTATIONS = YES;
				CLANG_WARN_DIRECT_OBJC_ISA_USAGE = YES_ERROR;
				CLANG_WARN_DOCUMENTATION_COMMENTS = YES;
				CLANG_WARN_EMPTY_BODY = YES;
				CLANG_WARN_ENUM_CONVERSION = YES;
				CLANG_WARN_INFINITE_RECURSION = YES;
				CLANG_WARN_INT_CONVERSION = YES;
				CLANG_WARN_NON_LITERAL_NULL_CONVERSION = YES;
				CLANG_WARN_OBJC_IMPLICIT_RETAIN_SELF = YES;
				CLANG_WARN_OBJC_LITERAL_CONVERSION = YES;
				CLANG_WARN_OBJC_ROOT_CLASS = YES_ERROR;
				CLANG_WARN_QUOTED_INCLUDE_IN_FRAMEWORK_HEADER = YES;
				CLANG_WARN_RANGE_LOOP_ANALYSIS = YES;
				CLANG_WARN_STRICT_PROTOTYPES = YES;
				CLANG_WARN_SUSPICIOUS_MOVE = YES;
				CLANG_WARN_UNGUARDED_AVAILABILITY = YES_AGGRESSIVE;
				CLANG_WARN_UNREACHABLE_CODE = YES;
				CLANG_WARN__DUPLICATE_METHOD_MATCH = YES;
				CODE_SIGN_IDENTITY = "iPhone Developer";
				COPY_PHASE_STRIP = NO;
				DEBUG_INFORMATION_FORMAT = dwarf;
				ENABLE_STRICT_OBJC_MSGSEND = YES;
				ENABLE_TESTABILITY = YES;
				GCC_C_LANGUAGE_STANDARD = gnu11;
				GCC_DYNAMIC_NO_PIC = NO;
				GCC_NO_COMMON_BLOCKS = YES;
				GCC_OPTIMIZATION_LEVEL = 0;
				GCC_PREPROCESSOR_DEFINITIONS = (
					"DEBUG=1",
					"$(inherited)",
				);
				GCC_WARN_64_TO_32_BIT_CONVERSION = YES;
				GCC_WARN_ABOUT_RETURN_TYPE = YES_ERROR;
				GCC_WARN_UNDECLARED_SELECTOR = YES;
				GCC_WARN_UNINITIALIZED_AUTOS = YES_AGGRESSIVE;
				GCC_WARN_UNUSED_FUNCTION = YES;
				GCC_WARN_UNUSED_VARIABLE = YES;
				IPHONEOS_DEPLOYMENT_TARGET = 12.0;
				MTL_ENABLE_DEBUG_INFO = INCLUDE_SOURCE;
				MTL_FAST_MATH = YES;
				ONLY_ACTIVE_ARCH = YES;
				SDKROOT = iphoneos;
				SWIFT_ACTIVE_COMPILATION_CONDITIONS = DEBUG;
				SWIFT_OPTIMIZATION_LEVEL = "-Onone";
			};
			name = Debug;
		};
		C7829B2F215AB1CC00BDCD48 /* Release */ = {
			isa = XCBuildConfiguration;
			buildSettings = {
				ALWAYS_SEARCH_USER_PATHS = NO;
				CLANG_ANALYZER_NONNULL = YES;
				CLANG_ANALYZER_NUMBER_OBJECT_CONVERSION = YES_AGGRESSIVE;
				CLANG_CXX_LANGUAGE_STANDARD = "gnu++14";
				CLANG_CXX_LIBRARY = "libc++";
				CLANG_ENABLE_MODULES = YES;
				CLANG_ENABLE_OBJC_ARC = YES;
				CLANG_ENABLE_OBJC_WEAK = YES;
				CLANG_WARN_BLOCK_CAPTURE_AUTORELEASING = YES;
				CLANG_WARN_BOOL_CONVERSION = YES;
				CLANG_WARN_COMMA = YES;
				CLANG_WARN_CONSTANT_CONVERSION = YES;
				CLANG_WARN_DEPRECATED_OBJC_IMPLEMENTATIONS = YES;
				CLANG_WARN_DIRECT_OBJC_ISA_USAGE = YES_ERROR;
				CLANG_WARN_DOCUMENTATION_COMMENTS = YES;
				CLANG_WARN_EMPTY_BODY = YES;
				CLANG_WARN_ENUM_CONVERSION = YES;
				CLANG_WARN_INFINITE_RECURSION = YES;
				CLANG_WARN_INT_CONVERSION = YES;
				CLANG_WARN_NON_LITERAL_NULL_CONVERSION = YES;
				CLANG_WARN_OBJC_IMPLICIT_RETAIN_SELF = YES;
				CLANG_WARN_OBJC_LITERAL_CONVERSION = YES;
				CLANG_WARN_OBJC_ROOT_CLASS = YES_ERROR;
				CLANG_WARN_QUOTED_INCLUDE_IN_FRAMEWORK_HEADER = YES;
				CLANG_WARN_RANGE_LOOP_ANALYSIS = YES;
				CLANG_WARN_STRICT_PROTOTYPES = YES;
				CLANG_WARN_SUSPICIOUS_MOVE = YES;
				CLANG_WARN_UNGUARDED_AVAILABILITY = YES_AGGRESSIVE;
				CLANG_WARN_UNREACHABLE_CODE = YES;
				CLANG_WARN__DUPLICATE_METHOD_MATCH = YES;
				CODE_SIGN_IDENTITY = "iPhone Developer";
				COPY_PHASE_STRIP = NO;
				DEBUG_INFORMATION_FORMAT = "dwarf-with-dsym";
				ENABLE_NS_ASSERTIONS = NO;
				ENABLE_STRICT_OBJC_MSGSEND = YES;
				GCC_C_LANGUAGE_STANDARD = gnu11;
				GCC_NO_COMMON_BLOCKS = YES;
				GCC_WARN_64_TO_32_BIT_CONVERSION = YES;
				GCC_WARN_ABOUT_RETURN_TYPE = YES_ERROR;
				GCC_WARN_UNDECLARED_SELECTOR = YES;
				GCC_WARN_UNINITIALIZED_AUTOS = YES_AGGRESSIVE;
				GCC_WARN_UNUSED_FUNCTION = YES;
				GCC_WARN_UNUSED_VARIABLE = YES;
				IPHONEOS_DEPLOYMENT_TARGET = 12.0;
				MTL_ENABLE_DEBUG_INFO = NO;
				MTL_FAST_MATH = YES;
				SDKROOT = iphoneos;
				SWIFT_COMPILATION_MODE = wholemodule;
				SWIFT_OPTIMIZATION_LEVEL = "-O";
				VALIDATE_PRODUCT = YES;
			};
			name = Release;
		};
		C7829B31215AB1CC00BDCD48 /* Debug */ = {
			isa = XCBuildConfiguration;
			buildSettings = {
				ASSETCATALOG_COMPILER_APPICON_NAME = AppIcon;
				CODE_SIGN_STYLE = Automatic;
				DEVELOPMENT_TEAM = TU4944T6UG;
				INFOPLIST_FILE = slideoutMenu/Info.plist;
				LD_RUNPATH_SEARCH_PATHS = (
					"$(inherited)",
					"@executable_path/Frameworks",
				);
				PRODUCT_BUNDLE_IDENTIFIER = com.brianfajardo.slideoutMenu;
				PRODUCT_NAME = "$(TARGET_NAME)";
				SWIFT_VERSION = 5.0;
				TARGETED_DEVICE_FAMILY = "1,2";
			};
			name = Debug;
		};
		C7829B32215AB1CC00BDCD48 /* Release */ = {
			isa = XCBuildConfiguration;
			buildSettings = {
				ASSETCATALOG_COMPILER_APPICON_NAME = AppIcon;
				CODE_SIGN_STYLE = Automatic;
				DEVELOPMENT_TEAM = TU4944T6UG;
				INFOPLIST_FILE = slideoutMenu/Info.plist;
				LD_RUNPATH_SEARCH_PATHS = (
					"$(inherited)",
					"@executable_path/Frameworks",
				);
				PRODUCT_BUNDLE_IDENTIFIER = com.brianfajardo.slideoutMenu;
				PRODUCT_NAME = "$(TARGET_NAME)";
				SWIFT_VERSION = 5.0;
				TARGETED_DEVICE_FAMILY = "1,2";
			};
			name = Release;
		};
/* End XCBuildConfiguration section */

/* Begin XCConfigurationList section */
		C7829B19215AB1CC00BDCD48 /* Build configuration list for PBXProject "slideoutMenu" */ = {
			isa = XCConfigurationList;
			buildConfigurations = (
				C7829B2E215AB1CC00BDCD48 /* Debug */,
				C7829B2F215AB1CC00BDCD48 /* Release */,
			);
			defaultConfigurationIsVisible = 0;
			defaultConfigurationName = Release;
		};
		C7829B30215AB1CC00BDCD48 /* Build configuration list for PBXNativeTarget "slideoutMenu" */ = {
			isa = XCConfigurationList;
			buildConfigurations = (
				C7829B31215AB1CC00BDCD48 /* Debug */,
				C7829B32215AB1CC00BDCD48 /* Release */,
			);
			defaultConfigurationIsVisible = 0;
			defaultConfigurationName = Release;
		};
/* End XCConfigurationList section */
	};
	rootObject = C7829B16215AB1CC00BDCD48 /* Project object */;
}
